PODS:
  - Alamofire (5.0.0-beta.6)
  - SDWebImage (5.1.0):
    - SDWebImage/Core (= 5.1.0)
  - SDWebImage/Core (5.1.0)
  - SwiftyJSON (5.0.0)

DEPENDENCIES:
  - Alamofire (~> 5.0.0-beta.5)
  - SDWebImage (~> 5.0)
  - SwiftyJSON

SPEC REPOS:
  https://github.com/cocoapods/specs.git:
    - Alamofire
    - SDWebImage
    - SwiftyJSON

SPEC CHECKSUMS:
  Alamofire: cd08a4402bd12cacd0c66f23fb12fec8d6b965e4
  SDWebImage: fb387001955223213dde14bc08c8b73f371f8d8f
  SwiftyJSON: 36413e04c44ee145039d332b4f4e2d3e8d6c4db7

PODFILE CHECKSUM: 1ab82e129bf3d1ae7fe916217590e72e9a2e787a

COCOAPODS: 1.6.0.beta.1
