// !$*UTF8*$!
{
	archiveVersion = 1;
	classes = {
	};
	objectVersion = 50;
	objects = {

/* Begin PBXBuildFile section */
		BD141D0E23193DB300BAF23F /* DetailViewController.swift in Sources */ = {isa = PBXBuildFile; fileRef = BD141D0D23193DB300BAF23F /* DetailViewController.swift */; };
		BD31DC32231828A6002523AC /* .swiftlint.yml in Resources */ = {isa = PBXBuildFile; fileRef = BD31DC31231828A6002523AC /* .swiftlint.yml */; };
		BD554700231A370E00804DCA /* ArticleListController.swift in Sources */ = {isa = PBXBuildFile; fileRef = BD5546FF231A370E00804DCA /* ArticleListController.swift */; };
		BD554702231A4A0900804DCA /* UIStoryboard+Ext.swift in Sources */ = {isa = PBXBuildFile; fileRef = BD554701231A4A0900804DCA /* UIStoryboard+Ext.swift */; };
		BD554705231A500100804DCA /* ControllerFactory.swift in Sources */ = {isa = PBXBuildFile; fileRef = BD554704231A500100804DCA /* ControllerFactory.swift */; };
		BD62CFB8231D1B0D009E78EA /* FavoritesViewController.swift in Sources */ = {isa = PBXBuildFile; fileRef = BD62CFB7231D1B0D009E78EA /* FavoritesViewController.swift */; };
		BD62CFC1231D42BD009E78EA /* PopFiction.xcdatamodeld in Sources */ = {isa = PBXBuildFile; fileRef = BD62CFBF231D42BD009E78EA /* PopFiction.xcdatamodeld */; };
		BD62CFC3231D42FD009E78EA /* ArticleDataSource.swift in Sources */ = {isa = PBXBuildFile; fileRef = BD62CFC2231D42FD009E78EA /* ArticleDataSource.swift */; };
		BD86961F231818EC00D248E9 /* AppDelegate.swift in Sources */ = {isa = PBXBuildFile; fileRef = BD86961E231818EC00D248E9 /* AppDelegate.swift */; };
		BD869624231818EC00D248E9 /* Main.storyboard in Resources */ = {isa = PBXBuildFile; fileRef = BD869622231818EC00D248E9 /* Main.storyboard */; };
		BD869629231818ED00D248E9 /* Assets.xcassets in Resources */ = {isa = PBXBuildFile; fileRef = BD869628231818ED00D248E9 /* Assets.xcassets */; };
		BD86962C231818ED00D248E9 /* LaunchScreen.storyboard in Resources */ = {isa = PBXBuildFile; fileRef = BD86962A231818ED00D248E9 /* LaunchScreen.storyboard */; };
		BDB4AD1423182CC6004FF50B /* ArticleService.swift in Sources */ = {isa = PBXBuildFile; fileRef = BDB4AD1323182CC6004FF50B /* ArticleService.swift */; };
		BDB4AD1723182DF7004FF50B /* Constants.swift in Sources */ = {isa = PBXBuildFile; fileRef = BDB4AD1623182DF7004FF50B /* Constants.swift */; };
		BDB4AD1E231836AA004FF50B /* Article+CoreDataClass.swift in Sources */ = {isa = PBXBuildFile; fileRef = BDB4AD1C231836AA004FF50B /* Article+CoreDataClass.swift */; };
		BDB4AD1F231836AA004FF50B /* Article+CoreDataProperties.swift in Sources */ = {isa = PBXBuildFile; fileRef = BDB4AD1D231836AA004FF50B /* Article+CoreDataProperties.swift */; };
		BDBBC672231948DD006F8C02 /* CoreDataStack.swift in Sources */ = {isa = PBXBuildFile; fileRef = BDBBC671231948DC006F8C02 /* CoreDataStack.swift */; };
		BDBBC6752319542F006F8C02 /* ArticleCell.swift in Sources */ = {isa = PBXBuildFile; fileRef = BDBBC6742319542F006F8C02 /* ArticleCell.swift */; };
		BDDE43EC231E432F001AD156 /* UIViewController+Ext.swift in Sources */ = {isa = PBXBuildFile; fileRef = BDDE43EB231E432F001AD156 /* UIViewController+Ext.swift */; };
		BDDE43EE231E453F001AD156 /* FavoritesCell.swift in Sources */ = {isa = PBXBuildFile; fileRef = BDDE43ED231E453F001AD156 /* FavoritesCell.swift */; };
		F01D6EFF74CB74793165B275 /* Pods_PopFiction.framework in Frameworks */ = {isa = PBXBuildFile; fileRef = 899EC5F08F7DE3AA3D9B4639 /* Pods_PopFiction.framework */; };
/* End PBXBuildFile section */

/* Begin PBXFileReference section */
		3C5B332B4ADDF3CF328B493F /* Pods-PopFiction.debug.xcconfig */ = {isa = PBXFileReference; includeInIndex = 1; lastKnownFileType = text.xcconfig; name = "Pods-PopFiction.debug.xcconfig"; path = "Target Support Files/Pods-PopFiction/Pods-PopFiction.debug.xcconfig"; sourceTree = "<group>"; };
		5F26293688AF7E63F6BEB2E2 /* Pods-PopFiction.release.xcconfig */ = {isa = PBXFileReference; includeInIndex = 1; lastKnownFileType = text.xcconfig; name = "Pods-PopFiction.release.xcconfig"; path = "Target Support Files/Pods-PopFiction/Pods-PopFiction.release.xcconfig"; sourceTree = "<group>"; };
		899EC5F08F7DE3AA3D9B4639 /* Pods_PopFiction.framework */ = {isa = PBXFileReference; explicitFileType = wrapper.framework; includeInIndex = 0; path = Pods_PopFiction.framework; sourceTree = BUILT_PRODUCTS_DIR; };
		BD141D0D23193DB300BAF23F /* DetailViewController.swift */ = {isa = PBXFileReference; lastKnownFileType = sourcecode.swift; path = DetailViewController.swift; sourceTree = "<group>"; };
		BD31DC31231828A6002523AC /* .swiftlint.yml */ = {isa = PBXFileReference; fileEncoding = 4; lastKnownFileType = text; path = .swiftlint.yml; sourceTree = SOURCE_ROOT; };
		BD5546FF231A370E00804DCA /* ArticleListController.swift */ = {isa = PBXFileReference; lastKnownFileType = sourcecode.swift; path = ArticleListController.swift; sourceTree = "<group>"; };
		BD554701231A4A0900804DCA /* UIStoryboard+Ext.swift */ = {isa = PBXFileReference; fileEncoding = 4; lastKnownFileType = sourcecode.swift; path = "UIStoryboard+Ext.swift"; sourceTree = "<group>"; };
		BD554704231A500100804DCA /* ControllerFactory.swift */ = {isa = PBXFileReference; lastKnownFileType = sourcecode.swift; path = ControllerFactory.swift; sourceTree = "<group>"; };
		BD62CFB7231D1B0D009E78EA /* FavoritesViewController.swift */ = {isa = PBXFileReference; lastKnownFileType = sourcecode.swift; path = FavoritesViewController.swift; sourceTree = "<group>"; };
		BD62CFC0231D42BD009E78EA /* PopFiction.xcdatamodel */ = {isa = PBXFileReference; lastKnownFileType = wrapper.xcdatamodel; path = PopFiction.xcdatamodel; sourceTree = "<group>"; };
		BD62CFC2231D42FD009E78EA /* ArticleDataSource.swift */ = {isa = PBXFileReference; lastKnownFileType = sourcecode.swift; path = ArticleDataSource.swift; sourceTree = "<group>"; };
		BD86961B231818EC00D248E9 /* PopFiction.app */ = {isa = PBXFileReference; explicitFileType = wrapper.application; includeInIndex = 0; path = PopFiction.app; sourceTree = BUILT_PRODUCTS_DIR; };
		BD86961E231818EC00D248E9 /* AppDelegate.swift */ = {isa = PBXFileReference; lastKnownFileType = sourcecode.swift; path = AppDelegate.swift; sourceTree = "<group>"; };
		BD869623231818EC00D248E9 /* Base */ = {isa = PBXFileReference; lastKnownFileType = file.storyboard; name = Base; path = Base.lproj/Main.storyboard; sourceTree = "<group>"; };
		BD869628231818ED00D248E9 /* Assets.xcassets */ = {isa = PBXFileReference; lastKnownFileType = folder.assetcatalog; path = Assets.xcassets; sourceTree = "<group>"; };
		BD86962B231818ED00D248E9 /* Base */ = {isa = PBXFileReference; lastKnownFileType = file.storyboard; name = Base; path = Base.lproj/LaunchScreen.storyboard; sourceTree = "<group>"; };
		BD86962D231818ED00D248E9 /* Info.plist */ = {isa = PBXFileReference; lastKnownFileType = text.plist.xml; path = Info.plist; sourceTree = "<group>"; };
		BDB4AD1323182CC6004FF50B /* ArticleService.swift */ = {isa = PBXFileReference; lastKnownFileType = sourcecode.swift; path = ArticleService.swift; sourceTree = "<group>"; };
		BDB4AD1623182DF7004FF50B /* Constants.swift */ = {isa = PBXFileReference; lastKnownFileType = sourcecode.swift; path = Constants.swift; sourceTree = "<group>"; };
		BDB4AD1C231836AA004FF50B /* Article+CoreDataClass.swift */ = {isa = PBXFileReference; lastKnownFileType = sourcecode.swift; path = "Article+CoreDataClass.swift"; sourceTree = "<group>"; };
		BDB4AD1D231836AA004FF50B /* Article+CoreDataProperties.swift */ = {isa = PBXFileReference; lastKnownFileType = sourcecode.swift; path = "Article+CoreDataProperties.swift"; sourceTree = "<group>"; };
		BDBBC671231948DC006F8C02 /* CoreDataStack.swift */ = {isa = PBXFileReference; fileEncoding = 4; lastKnownFileType = sourcecode.swift; path = CoreDataStack.swift; sourceTree = "<group>"; };
		BDBBC6742319542F006F8C02 /* ArticleCell.swift */ = {isa = PBXFileReference; lastKnownFileType = sourcecode.swift; path = ArticleCell.swift; sourceTree = "<group>"; };
		BDDE43EB231E432F001AD156 /* UIViewController+Ext.swift */ = {isa = PBXFileReference; lastKnownFileType = sourcecode.swift; path = "UIViewController+Ext.swift"; sourceTree = "<group>"; };
		BDDE43ED231E453F001AD156 /* FavoritesCell.swift */ = {isa = PBXFileReference; lastKnownFileType = sourcecode.swift; path = FavoritesCell.swift; sourceTree = "<group>"; };
/* End PBXFileReference section */

/* Begin PBXFrameworksBuildPhase section */
		BD869618231818EC00D248E9 /* Frameworks */ = {
			isa = PBXFrameworksBuildPhase;
			buildActionMask = 2147483647;
			files = (
				F01D6EFF74CB74793165B275 /* Pods_PopFiction.framework in Frameworks */,
			);
			runOnlyForDeploymentPostprocessing = 0;
		};
/* End PBXFrameworksBuildPhase section */

/* Begin PBXGroup section */
		212F6AF96938586450A7D8DA /* Frameworks */ = {
			isa = PBXGroup;
			children = (
				899EC5F08F7DE3AA3D9B4639 /* Pods_PopFiction.framework */,
			);
			name = Frameworks;
			sourceTree = "<group>";
		};
		BD31DC2B231827C2002523AC /* Controller */ = {
			isa = PBXGroup;
			children = (
				BD5546FF231A370E00804DCA /* ArticleListController.swift */,
				BD62CFB7231D1B0D009E78EA /* FavoritesViewController.swift */,
				BD141D0D23193DB300BAF23F /* DetailViewController.swift */,
				BD62CFC2231D42FD009E78EA /* ArticleDataSource.swift */,
			);
			name = Controller;
			sourceTree = "<group>";
		};
		BD31DC2D231827DE002523AC /* View */ = {
			isa = PBXGroup;
			children = (
				BD869622231818EC00D248E9 /* Main.storyboard */,
				BDBBC6742319542F006F8C02 /* ArticleCell.swift */,
				BDDE43ED231E453F001AD156 /* FavoritesCell.swift */,
			);
			name = View;
			sourceTree = "<group>";
		};
		BD31DC2E231827E3002523AC /* Support */ = {
			isa = PBXGroup;
			children = (
				BD86961E231818EC00D248E9 /* AppDelegate.swift */,
				BD869628231818ED00D248E9 /* Assets.xcassets */,
				BD31DC31231828A6002523AC /* .swiftlint.yml */,
				BD86962A231818ED00D248E9 /* LaunchScreen.storyboard */,
				BD86962D231818ED00D248E9 /* Info.plist */,
			);
			name = Support;
			sourceTree = "<group>";
		};
		BD31DC33231828C5002523AC /* CoreData */ = {
			isa = PBXGroup;
			children = (
				BDBBC671231948DC006F8C02 /* CoreDataStack.swift */,
				BD62CFBF231D42BD009E78EA /* PopFiction.xcdatamodeld */,
				BDBBC673231948E2006F8C02 /* Entities */,
			);
			name = CoreData;
			sourceTree = "<group>";
		};
		BD554703231A4FDC00804DCA /* Factories */ = {
			isa = PBXGroup;
			children = (
				BD554704231A500100804DCA /* ControllerFactory.swift */,
			);
			name = Factories;
			sourceTree = "<group>";
		};
		BD869612231818EC00D248E9 = {
			isa = PBXGroup;
			children = (
				BD86961D231818EC00D248E9 /* PopFiction */,
				BD86961C231818EC00D248E9 /* Products */,
				EAFE86DBE1929E07E0EF2525 /* Pods */,
				212F6AF96938586450A7D8DA /* Frameworks */,
			);
			sourceTree = "<group>";
		};
		BD86961C231818EC00D248E9 /* Products */ = {
			isa = PBXGroup;
			children = (
				BD86961B231818EC00D248E9 /* PopFiction.app */,
			);
			name = Products;
			sourceTree = "<group>";
		};
		BD86961D231818EC00D248E9 /* PopFiction */ = {
			isa = PBXGroup;
			children = (
				BDB4AD1323182CC6004FF50B /* ArticleService.swift */,
				BD31DC2B231827C2002523AC /* Controller */,
				BD31DC33231828C5002523AC /* CoreData */,
				BD554703231A4FDC00804DCA /* Factories */,
				BD31DC2E231827E3002523AC /* Support */,
				BDDE43EA231E42E7001AD156 /* Utilities */,
				BD31DC2D231827DE002523AC /* View */,
			);
			path = PopFiction;
			sourceTree = "<group>";
		};
		BDBBC673231948E2006F8C02 /* Entities */ = {
			isa = PBXGroup;
			children = (
				BDB4AD1C231836AA004FF50B /* Article+CoreDataClass.swift */,
				BDB4AD1D231836AA004FF50B /* Article+CoreDataProperties.swift */,
			);
			name = Entities;
			sourceTree = "<group>";
		};
		BDDE43EA231E42E7001AD156 /* Utilities */ = {
			isa = PBXGroup;
			children = (
				BD554701231A4A0900804DCA /* UIStoryboard+Ext.swift */,
				BDDE43EB231E432F001AD156 /* UIViewController+Ext.swift */,
				BDB4AD1623182DF7004FF50B /* Constants.swift */,
			);
			name = Utilities;
			sourceTree = "<group>";
		};
		EAFE86DBE1929E07E0EF2525 /* Pods */ = {
			isa = PBXGroup;
			children = (
				3C5B332B4ADDF3CF328B493F /* Pods-PopFiction.debug.xcconfig */,
				5F26293688AF7E63F6BEB2E2 /* Pods-PopFiction.release.xcconfig */,
			);
			path = Pods;
			sourceTree = "<group>";
		};
/* End PBXGroup section */

/* Begin PBXNativeTarget section */
		BD86961A231818EC00D248E9 /* PopFiction */ = {
			isa = PBXNativeTarget;
			buildConfigurationList = BD869630231818ED00D248E9 /* Build configuration list for PBXNativeTarget "PopFiction" */;
			buildPhases = (
				95F1A286B105575852A5B4BF /* [CP] Check Pods Manifest.lock */,
				BD869617231818EC00D248E9 /* Sources */,
				BD869618231818EC00D248E9 /* Frameworks */,
				BD869619231818EC00D248E9 /* Resources */,
				3EFC088AB358C68F0B5C176E /* [CP] Embed Pods Frameworks */,
				BD31DC2A23181B79002523AC /* ShellScript */,
			);
			buildRules = (
			);
			dependencies = (
			);
			name = PopFiction;
			productName = PopFiction;
			productReference = BD86961B231818EC00D248E9 /* PopFiction.app */;
			productType = "com.apple.product-type.application";
		};
/* End PBXNativeTarget section */

/* Begin PBXProject section */
		BD869613231818EC00D248E9 /* Project object */ = {
			isa = PBXProject;
			attributes = {
				LastSwiftUpdateCheck = 1030;
				LastUpgradeCheck = 1030;
				ORGANIZATIONNAME = "Богдан Ткаченко";
				TargetAttributes = {
					BD86961A231818EC00D248E9 = {
						CreatedOnToolsVersion = 10.3;
					};
				};
			};
			buildConfigurationList = BD869616231818EC00D248E9 /* Build configuration list for PBXProject "PopFiction" */;
			compatibilityVersion = "Xcode 9.3";
			developmentRegion = en;
			hasScannedForEncodings = 0;
			knownRegions = (
				en,
				Base,
			);
			mainGroup = BD869612231818EC00D248E9;
			productRefGroup = BD86961C231818EC00D248E9 /* Products */;
			projectDirPath = "";
			projectRoot = "";
			targets = (
				BD86961A231818EC00D248E9 /* PopFiction */,
			);
		};
/* End PBXProject section */

/* Begin PBXResourcesBuildPhase section */
		BD869619231818EC00D248E9 /* Resources */ = {
			isa = PBXResourcesBuildPhase;
			buildActionMask = 2147483647;
			files = (
				BD31DC32231828A6002523AC /* .swiftlint.yml in Resources */,
				BD86962C231818ED00D248E9 /* LaunchScreen.storyboard in Resources */,
				BD869629231818ED00D248E9 /* Assets.xcassets in Resources */,
				BD869624231818EC00D248E9 /* Main.storyboard in Resources */,
			);
			runOnlyForDeploymentPostprocessing = 0;
		};
/* End PBXResourcesBuildPhase section */

/* Begin PBXShellScriptBuildPhase section */
		3EFC088AB358C68F0B5C176E /* [CP] Embed Pods Frameworks */ = {
			isa = PBXShellScriptBuildPhase;
			buildActionMask = 2147483647;
			files = (
			);
			inputFileListPaths = (
			);
			inputPaths = (
				"${PODS_ROOT}/Target Support Files/Pods-PopFiction/Pods-PopFiction-frameworks.sh",
				"${BUILT_PRODUCTS_DIR}/Alamofire/Alamofire.framework",
				"${BUILT_PRODUCTS_DIR}/SDWebImage/SDWebImage.framework",
				"${BUILT_PRODUCTS_DIR}/SwiftyJSON/SwiftyJSON.framework",
			);
			name = "[CP] Embed Pods Frameworks";
			outputFileListPaths = (
			);
			outputPaths = (
				"${TARGET_BUILD_DIR}/${FRAMEWORKS_FOLDER_PATH}/Alamofire.framework",
				"${TARGET_BUILD_DIR}/${FRAMEWORKS_FOLDER_PATH}/SDWebImage.framework",
				"${TARGET_BUILD_DIR}/${FRAMEWORKS_FOLDER_PATH}/SwiftyJSON.framework",
			);
			runOnlyForDeploymentPostprocessing = 0;
			shellPath = /bin/sh;
			shellScript = "\"${PODS_ROOT}/Target Support Files/Pods-PopFiction/Pods-PopFiction-frameworks.sh\"\n";
			showEnvVarsInLog = 0;
		};
		95F1A286B105575852A5B4BF /* [CP] Check Pods Manifest.lock */ = {
			isa = PBXShellScriptBuildPhase;
			buildActionMask = 2147483647;
			files = (
			);
			inputFileListPaths = (
			);
			inputPaths = (
				"${PODS_PODFILE_DIR_PATH}/Podfile.lock",
				"${PODS_ROOT}/Manifest.lock",
			);
			name = "[CP] Check Pods Manifest.lock";
			outputFileListPaths = (
			);
			outputPaths = (
				"$(DERIVED_FILE_DIR)/Pods-PopFiction-checkManifestLockResult.txt",
			);
			runOnlyForDeploymentPostprocessing = 0;
			shellPath = /bin/sh;
			shellScript = "diff \"${PODS_PODFILE_DIR_PATH}/Podfile.lock\" \"${PODS_ROOT}/Manifest.lock\" > /dev/null\nif [ $? != 0 ] ; then\n    # print error to STDERR\n    echo \"error: The sandbox is not in sync with the Podfile.lock. Run 'pod install' or update your CocoaPods installation.\" >&2\n    exit 1\nfi\n# This output is used by Xcode 'outputs' to avoid re-running this script phase.\necho \"SUCCESS\" > \"${SCRIPT_OUTPUT_FILE_0}\"\n";
			showEnvVarsInLog = 0;
		};
		BD31DC2A23181B79002523AC /* ShellScript */ = {
			isa = PBXShellScriptBuildPhase;
			buildActionMask = 2147483647;
			files = (
			);
			inputFileListPaths = (
			);
			inputPaths = (
			);
			outputFileListPaths = (
			);
			outputPaths = (
			);
			runOnlyForDeploymentPostprocessing = 0;
			shellPath = /bin/sh;
			shellScript = "if which swiftlint >/dev/null; then\nswiftlint\nelse\necho \"warning: SwiftLint not installed, download from https://github.com/realm/SwiftLint\"\nfi\n";
		};
/* End PBXShellScriptBuildPhase section */

/* Begin PBXSourcesBuildPhase section */
		BD869617231818EC00D248E9 /* Sources */ = {
			isa = PBXSourcesBuildPhase;
			buildActionMask = 2147483647;
			files = (
				BD62CFB8231D1B0D009E78EA /* FavoritesViewController.swift in Sources */,
				BDDE43EE231E453F001AD156 /* FavoritesCell.swift in Sources */,
				BD62CFC1231D42BD009E78EA /* PopFiction.xcdatamodeld in Sources */,
				BDDE43EC231E432F001AD156 /* UIViewController+Ext.swift in Sources */,
				BDB4AD1E231836AA004FF50B /* Article+CoreDataClass.swift in Sources */,
				BD554700231A370E00804DCA /* ArticleListController.swift in Sources */,
				BDB4AD1723182DF7004FF50B /* Constants.swift in Sources */,
				BD554702231A4A0900804DCA /* UIStoryboard+Ext.swift in Sources */,
				BDB4AD1423182CC6004FF50B /* ArticleService.swift in Sources */,
				BDBBC672231948DD006F8C02 /* CoreDataStack.swift in Sources */,
				BD554705231A500100804DCA /* ControllerFactory.swift in Sources */,
				BD62CFC3231D42FD009E78EA /* ArticleDataSource.swift in Sources */,
				BD86961F231818EC00D248E9 /* AppDelegate.swift in Sources */,
				BDB4AD1F231836AA004FF50B /* Article+CoreDataProperties.swift in Sources */,
				BDBBC6752319542F006F8C02 /* ArticleCell.swift in Sources */,
				BD141D0E23193DB300BAF23F /* DetailViewController.swift in Sources */,
			);
			runOnlyForDeploymentPostprocessing = 0;
		};
/* End PBXSourcesBuildPhase section */

/* Begin PBXVariantGroup section */
		BD869622231818EC00D248E9 /* Main.storyboard */ = {
			isa = PBXVariantGroup;
			children = (
				BD869623231818EC00D248E9 /* Base */,
			);
			name = Main.storyboard;
			sourceTree = "<group>";
		};
		BD86962A231818ED00D248E9 /* LaunchScreen.storyboard */ = {
			isa = PBXVariantGroup;
			children = (
				BD86962B231818ED00D248E9 /* Base */,
			);
			name = LaunchScreen.storyboard;
			sourceTree = "<group>";
		};
/* End PBXVariantGroup section */

/* Begin XCBuildConfiguration section */
		BD86962E231818ED00D248E9 /* Debug */ = {
			isa = XCBuildConfiguration;
			buildSettings = {
				ALWAYS_SEARCH_USER_PATHS = NO;
				CLANG_ANALYZER_NONNULL = YES;
				CLANG_ANALYZER_NUMBER_OBJECT_CONVERSION = YES_AGGRESSIVE;
				CLANG_CXX_LANGUAGE_STANDARD = "gnu++14";
				CLANG_CXX_LIBRARY = "libc++";
				CLANG_ENABLE_MODULES = YES;
				CLANG_ENABLE_OBJC_ARC = YES;
				CLANG_ENABLE_OBJC_WEAK = YES;
				CLANG_WARN_BLOCK_CAPTURE_AUTORELEASING = YES;
				CLANG_WARN_BOOL_CONVERSION = YES;
				CLANG_WARN_COMMA = YES;
				CLANG_WARN_CONSTANT_CONVERSION = YES;
				CLANG_WARN_DEPRECATED_OBJC_IMPLEMENTATIONS = YES;
				CLANG_WARN_DIRECT_OBJC_ISA_USAGE = YES_ERROR;
				CLANG_WARN_DOCUMENTATION_COMMENTS = YES;
				CLANG_WARN_EMPTY_BODY = YES;
				CLANG_WARN_ENUM_CONVERSION = YES;
				CLANG_WARN_INFINITE_RECURSION = YES;
				CLANG_WARN_INT_CONVERSION = YES;
				CLANG_WARN_NON_LITERAL_NULL_CONVERSION = YES;
				CLANG_WARN_OBJC_IMPLICIT_RETAIN_SELF = YES;
				CLANG_WARN_OBJC_LITERAL_CONVERSION = YES;
				CLANG_WARN_OBJC_ROOT_CLASS = YES_ERROR;
				CLANG_WARN_RANGE_LOOP_ANALYSIS = YES;
				CLANG_WARN_STRICT_PROTOTYPES = YES;
				CLANG_WARN_SUSPICIOUS_MOVE = YES;
				CLANG_WARN_UNGUARDED_AVAILABILITY = YES_AGGRESSIVE;
				CLANG_WARN_UNREACHABLE_CODE = YES;
				CLANG_WARN__DUPLICATE_METHOD_MATCH = YES;
				CODE_SIGN_IDENTITY = "iPhone Developer";
				COPY_PHASE_STRIP = NO;
				DEBUG_INFORMATION_FORMAT = dwarf;
				ENABLE_STRICT_OBJC_MSGSEND = YES;
				ENABLE_TESTABILITY = YES;
				GCC_C_LANGUAGE_STANDARD = gnu11;
				GCC_DYNAMIC_NO_PIC = NO;
				GCC_NO_COMMON_BLOCKS = YES;
				GCC_OPTIMIZATION_LEVEL = 0;
				GCC_PREPROCESSOR_DEFINITIONS = (
					"DEBUG=1",
					"$(inherited)",
				);
				GCC_WARN_64_TO_32_BIT_CONVERSION = YES;
				GCC_WARN_ABOUT_RETURN_TYPE = YES_ERROR;
				GCC_WARN_UNDECLARED_SELECTOR = YES;
				GCC_WARN_UNINITIALIZED_AUTOS = YES_AGGRESSIVE;
				GCC_WARN_UNUSED_FUNCTION = YES;
				GCC_WARN_UNUSED_VARIABLE = YES;
				IPHONEOS_DEPLOYMENT_TARGET = 12.4;
				MTL_ENABLE_DEBUG_INFO = INCLUDE_SOURCE;
				MTL_FAST_MATH = YES;
				ONLY_ACTIVE_ARCH = YES;
				SDKROOT = iphoneos;
				SWIFT_ACTIVE_COMPILATION_CONDITIONS = DEBUG;
				SWIFT_OPTIMIZATION_LEVEL = "-Onone";
			};
			name = Debug;
		};
		BD86962F231818ED00D248E9 /* Release */ = {
			isa = XCBuildConfiguration;
			buildSettings = {
				ALWAYS_SEARCH_USER_PATHS = NO;
				CLANG_ANALYZER_NONNULL = YES;
				CLANG_ANALYZER_NUMBER_OBJECT_CONVERSION = YES_AGGRESSIVE;
				CLANG_CXX_LANGUAGE_STANDARD = "gnu++14";
				CLANG_CXX_LIBRARY = "libc++";
				CLANG_ENABLE_MODULES = YES;
				CLANG_ENABLE_OBJC_ARC = YES;
				CLANG_ENABLE_OBJC_WEAK = YES;
				CLANG_WARN_BLOCK_CAPTURE_AUTORELEASING = YES;
				CLANG_WARN_BOOL_CONVERSION = YES;
				CLANG_WARN_COMMA = YES;
				CLANG_WARN_CONSTANT_CONVERSION = YES;
				CLANG_WARN_DEPRECATED_OBJC_IMPLEMENTATIONS = YES;
				CLANG_WARN_DIRECT_OBJC_ISA_USAGE = YES_ERROR;
				CLANG_WARN_DOCUMENTATION_COMMENTS = YES;
				CLANG_WARN_EMPTY_BODY = YES;
				CLANG_WARN_ENUM_CONVERSION = YES;
				CLANG_WARN_INFINITE_RECURSION = YES;
				CLANG_WARN_INT_CONVERSION = YES;
				CLANG_WARN_NON_LITERAL_NULL_CONVERSION = YES;
				CLANG_WARN_OBJC_IMPLICIT_RETAIN_SELF = YES;
				CLANG_WARN_OBJC_LITERAL_CONVERSION = YES;
				CLANG_WARN_OBJC_ROOT_CLASS = YES_ERROR;
				CLANG_WARN_RANGE_LOOP_ANALYSIS = YES;
				CLANG_WARN_STRICT_PROTOTYPES = YES;
				CLANG_WARN_SUSPICIOUS_MOVE = YES;
				CLANG_WARN_UNGUARDED_AVAILABILITY = YES_AGGRESSIVE;
				CLANG_WARN_UNREACHABLE_CODE = YES;
				CLANG_WARN__DUPLICATE_METHOD_MATCH = YES;
				CODE_SIGN_IDENTITY = "iPhone Developer";
				COPY_PHASE_STRIP = NO;
				DEBUG_INFORMATION_FORMAT = "dwarf-with-dsym";
				ENABLE_NS_ASSERTIONS = NO;
				ENABLE_STRICT_OBJC_MSGSEND = YES;
				GCC_C_LANGUAGE_STANDARD = gnu11;
				GCC_NO_COMMON_BLOCKS = YES;
				GCC_WARN_64_TO_32_BIT_CONVERSION = YES;
				GCC_WARN_ABOUT_RETURN_TYPE = YES_ERROR;
				GCC_WARN_UNDECLARED_SELECTOR = YES;
				GCC_WARN_UNINITIALIZED_AUTOS = YES_AGGRESSIVE;
				GCC_WARN_UNUSED_FUNCTION = YES;
				GCC_WARN_UNUSED_VARIABLE = YES;
				IPHONEOS_DEPLOYMENT_TARGET = 12.4;
				MTL_ENABLE_DEBUG_INFO = NO;
				MTL_FAST_MATH = YES;
				SDKROOT = iphoneos;
				SWIFT_COMPILATION_MODE = wholemodule;
				SWIFT_OPTIMIZATION_LEVEL = "-O";
				VALIDATE_PRODUCT = YES;
			};
			name = Release;
		};
		BD869631231818ED00D248E9 /* Debug */ = {
			isa = XCBuildConfiguration;
			baseConfigurationReference = 3C5B332B4ADDF3CF328B493F /* Pods-PopFiction.debug.xcconfig */;
			buildSettings = {
				ASSETCATALOG_COMPILER_APPICON_NAME = AppIcon;
				CODE_SIGN_STYLE = Automatic;
				INFOPLIST_FILE = PopFiction/Info.plist;
				LD_RUNPATH_SEARCH_PATHS = (
					"$(inherited)",
					"@executable_path/Frameworks",
				);
				PRODUCT_BUNDLE_IDENTIFIER = bogdantkachenko.com.PopFiction;
				PRODUCT_NAME = "$(TARGET_NAME)";
				SWIFT_VERSION = 5.0;
				TARGETED_DEVICE_FAMILY = "1,2";
			};
			name = Debug;
		};
		BD869632231818ED00D248E9 /* Release */ = {
			isa = XCBuildConfiguration;
			baseConfigurationReference = 5F26293688AF7E63F6BEB2E2 /* Pods-PopFiction.release.xcconfig */;
			buildSettings = {
				ASSETCATALOG_COMPILER_APPICON_NAME = AppIcon;
				CODE_SIGN_STYLE = Automatic;
				INFOPLIST_FILE = PopFiction/Info.plist;
				LD_RUNPATH_SEARCH_PATHS = (
					"$(inherited)",
					"@executable_path/Frameworks",
				);
				PRODUCT_BUNDLE_IDENTIFIER = bogdantkachenko.com.PopFiction;
				PRODUCT_NAME = "$(TARGET_NAME)";
				SWIFT_VERSION = 5.0;
				TARGETED_DEVICE_FAMILY = "1,2";
			};
			name = Release;
		};
/* End XCBuildConfiguration section */

/* Begin XCConfigurationList section */
		BD869616231818EC00D248E9 /* Build configuration list for PBXProject "PopFiction" */ = {
			isa = XCConfigurationList;
			buildConfigurations = (
				BD86962E231818ED00D248E9 /* Debug */,
				BD86962F231818ED00D248E9 /* Release */,
			);
			defaultConfigurationIsVisible = 0;
			defaultConfigurationName = Release;
		};
		BD869630231818ED00D248E9 /* Build configuration list for PBXNativeTarget "PopFiction" */ = {
			isa = XCConfigurationList;
			buildConfigurations = (
				BD869631231818ED00D248E9 /* Debug */,
				BD869632231818ED00D248E9 /* Release */,
			);
			defaultConfigurationIsVisible = 0;
			defaultConfigurationName = Release;
		};
/* End XCConfigurationList section */

/* Begin XCVersionGroup section */
		BD62CFBF231D42BD009E78EA /* PopFiction.xcdatamodeld */ = {
			isa = XCVersionGroup;
			children = (
				BD62CFC0231D42BD009E78EA /* PopFiction.xcdatamodel */,
			);
			currentVersion = BD62CFC0231D42BD009E78EA /* PopFiction.xcdatamodel */;
			path = PopFiction.xcdatamodeld;
			sourceTree = "<group>";
			versionGroupType = wrapper.xcdatamodel;
		};
/* End XCVersionGroup section */
	};
	rootObject = BD869613231818EC00D248E9 /* Project object */;
}
